{
  "requires": true,
  "lockfileVersion": 1,
  "dependencies": {
    "highlight.js": {
      "version": "9.15.8",
      "resolved": "https://registry.npm.taobao.org/highlight.js/download/highlight.js-9.15.8.tgz",
      "integrity": "sha1-80T9oSPzbxplSQ6TLPkFaeSZmXE="
    },
    "vcolorpicker": {
      "version": "0.1.8",
      "resolved": "https://registry.npm.taobao.org/vcolorpicker/download/vcolorpicker-0.1.8.tgz",
      "integrity": "sha1-Q/b5au3tXLy7f8WRq45DJMmU51g=",
      "requires": {
        "highlight.js": "^9.12.0",
        "vue": "^2.5.17"
      }
    },
    "vue": {
      "version": "2.6.10",
      "resolved": "https://registry.npm.taobao.org/vue/download/vue-2.6.10.tgz",
      "integrity": "sha1-pysaQqTYKnIepDjRtr9V5mGVxjc="
    }
  }
}
